{
  "nodes": {
    "compsoc-website": {
      "flake": false,
      "locked": {
        "lastModified": 1752539371,
        "narHash": "sha256-xIIfqu4coqg4B+CCvH50yx7OrBLDP5BusjjLnGOrtxI=",
        "owner": "MaxHearnden",
        "repo": "Compsoc-Website-cobalt",
        "rev": "a997c09405774a9aed412e263e20c55109b73b6d",
        "type": "github"
      },
      "original": {
        "owner": "MaxHearnden",
        "repo": "Compsoc-Website-cobalt",
        "type": "github"
      }
    },
    "nixos-kexec": {
      "flake": false,
      "locked": {
        "lastModified": 1713028336,
        "narHash": "sha256-TV4DNEnNruInAmmHYHQScPX+q3ZSKRdPFvr7xjl6WSA=",
        "owner": "MaxHearnden",
        "repo": "nixos-kexec",
        "rev": "c09254bcb4419211ce377963aa31fa659acd0fcb",
        "type": "github"
      },
      "original": {
        "owner": "MaxHearnden",
        "repo": "nixos-kexec",
        "type": "github"
      }
    },
    "nixpkgs": {
      "locked": {
        "lastModified": 1752308619,
        "narHash": "sha256-pzrVLKRQNPrii06Rm09Q0i0dq3wt2t2pciT/GNq5EZQ=",
        "owner": "NixOS",
        "repo": "nixpkgs",
        "rev": "650e572363c091045cdbc5b36b0f4c1f614d3058",
        "type": "github"
      },
      "original": {
        "owner": "NixOS",
        "ref": "nixos-25.05",
        "repo": "nixpkgs",
        "type": "github"
      }
    },
    "nixpkgs-unstable": {
      "locked": {
        "lastModified": 1751984180,
        "narHash": "sha256-LwWRsENAZJKUdD3SpLluwDmdXY9F45ZEgCb0X+xgOL0=",
        "owner": "NixOS",
        "repo": "nixpkgs",
        "rev": "9807714d6944a957c2e036f84b0ff8caf9930bc0",
        "type": "github"
      },
      "original": {
        "owner": "NixOS",
        "ref": "nixos-unstable",
        "repo": "nixpkgs",
        "type": "github"
      }
    },
    "root": {
      "inputs": {
        "compsoc-website": "compsoc-website",
        "nixos-kexec": "nixos-kexec",
        "nixpkgs": "nixpkgs",
        "nixpkgs-unstable": "nixpkgs-unstable"
      }
    }
  },
  "root": "root",
  "version": 7
}
