{
  "nodes": {
    "compsoc-website": {
      "flake": false,
      "locked": {
        "lastModified": 1752792529,
        "narHash": "sha256-Choos6WnP7NgScu9NP9fYnWPCVT1byD3XFf6Y+zwBKY=",
        "owner": "MaxHearnden",
        "repo": "Compsoc-Website-cobalt",
        "rev": "d753ae8631f79e132860c5138974f4d0541e9123",
        "type": "github"
      },
      "original": {
        "owner": "MaxHearnden",
        "repo": "Compsoc-Website-cobalt",
        "type": "github"
      }
    },
    "cspc": {
      "inputs": {
        "nixpkgs": [
          "nixpkgs"
        ]
      },
      "locked": {
        "lastModified": 1753109260,
        "narHash": "sha256-w+RCQEB3MnW6EsPDLkcX1d/q75u9Q1AdOHwgBV6kxLA=",
        "owner": "MaxHearnden",
        "repo": "cspc",
        "rev": "34a45b7290cbca9306e50b50560de2dae0a83f90",
        "type": "github"
      },
      "original": {
        "owner": "MaxHearnden",
        "repo": "cspc",
        "type": "github"
      }
    },
    "nixos-kexec": {
      "flake": false,
      "locked": {
        "lastModified": 1713028336,
        "narHash": "sha256-TV4DNEnNruInAmmHYHQScPX+q3ZSKRdPFvr7xjl6WSA=",
        "owner": "MaxHearnden",
        "repo": "nixos-kexec",
        "rev": "c09254bcb4419211ce377963aa31fa659acd0fcb",
        "type": "github"
      },
      "original": {
        "owner": "MaxHearnden",
        "repo": "nixos-kexec",
        "type": "github"
      }
    },
    "nixpkgs": {
      "locked": {
        "lastModified": 1752866191,
        "narHash": "sha256-NV4S2Lf2hYmZQ3Qf4t/YyyBaJNuxLPyjzvDma0zPp/M=",
        "owner": "NixOS",
        "repo": "nixpkgs",
        "rev": "f01fe91b0108a7aff99c99f2e9abbc45db0adc2a",
        "type": "github"
      },
      "original": {
        "owner": "NixOS",
        "ref": "nixos-25.05",
        "repo": "nixpkgs",
        "type": "github"
      }
    },
    "nixpkgs-unstable": {
      "locked": {
        "lastModified": 1752950548,
        "narHash": "sha256-NS6BLD0lxOrnCiEOcvQCDVPXafX1/ek1dfJHX1nUIzc=",
        "owner": "NixOS",
        "repo": "nixpkgs",
        "rev": "c87b95e25065c028d31a94f06a62927d18763fdf",
        "type": "github"
      },
      "original": {
        "owner": "NixOS",
        "ref": "nixos-unstable",
        "repo": "nixpkgs",
        "type": "github"
      }
    },
    "root": {
      "inputs": {
        "compsoc-website": "compsoc-website",
        "cspc": "cspc",
        "nixos-kexec": "nixos-kexec",
        "nixpkgs": "nixpkgs",
        "nixpkgs-unstable": "nixpkgs-unstable"
      }
    }
  },
  "root": "root",
  "version": 7
}
